
Microsoft Visual Studio Solution File, Format Version 12.00
# Visual Studio Version 17
VisualStudioVersion = 17.11.35303.130
MinimumVisualStudioVersion = 10.0.40219.1
Project("{FAE04EC0-301F-11D3-BF4B-00C04F79EFBC}") = "8modulPr", "8modulPr\8modulPr.csproj", "{7446387F-3A74-4FE4-9E97-E8A186A1E1F7}"
EndProject
Project("{FAE04EC0-301F-11D3-BF4B-00C04F79EFBC}") = "Method", "Method\Method.csproj", "{811D7597-63F9-45F1-BFB5-1B0D06DF05E6}"
EndProject
Project("{FAE04EC0-301F-11D3-BF4B-00C04F79EFBC}") = "Mediator", "Mediator\Mediator.csproj", "{B801E605-FF1A-4ABE-9C45-7C3174C93270}"
EndProject
Global
	GlobalSection(SolutionConfigurationPlatforms) = preSolution
		Debug|Any CPU = Debug|Any CPU
		Release|Any CPU = Release|Any CPU
	EndGlobalSection
	GlobalSection(ProjectConfigurationPlatforms) = postSolution
		{7446387F-3A74-4FE4-9E97-E8A186A1E1F7}.Debug|Any CPU.ActiveCfg = Debug|Any CPU
		{7446387F-3A74-4FE4-9E97-E8A186A1E1F7}.Debug|Any CPU.Build.0 = Debug|Any CPU
		{7446387F-3A74-4FE4-9E97-E8A186A1E1F7}.Release|Any CPU.ActiveCfg = Release|Any CPU
		{7446387F-3A74-4FE4-9E97-E8A186A1E1F7}.Release|Any CPU.Build.0 = Release|Any CPU
		{811D7597-63F9-45F1-BFB5-1B0D06DF05E6}.Debug|Any CPU.ActiveCfg = Debug|Any CPU
		{811D7597-63F9-45F1-BFB5-1B0D06DF05E6}.Debug|Any CPU.Build.0 = Debug|Any CPU
		{811D7597-63F9-45F1-BFB5-1B0D06DF05E6}.Release|Any CPU.ActiveCfg = Release|Any CPU
		{811D7597-63F9-45F1-BFB5-1B0D06DF05E6}.Release|Any CPU.Build.0 = Release|Any CPU
		{B801E605-FF1A-4ABE-9C45-7C3174C93270}.Debug|Any CPU.ActiveCfg = Debug|Any CPU
		{B801E605-FF1A-4ABE-9C45-7C3174C93270}.Debug|Any CPU.Build.0 = Debug|Any CPU
		{B801E605-FF1A-4ABE-9C45-7C3174C93270}.Release|Any CPU.ActiveCfg = Release|Any CPU
		{B801E605-FF1A-4ABE-9C45-7C3174C93270}.Release|Any CPU.Build.0 = Release|Any CPU
	EndGlobalSection
	GlobalSection(SolutionProperties) = preSolution
		HideSolutionNode = FALSE
	EndGlobalSection
	GlobalSection(ExtensibilityGlobals) = postSolution
		SolutionGuid = {D7B437CA-4BBA-45A7-ABF7-D36025718253}
	EndGlobalSection
EndGlobal
